
Microsoft Visual Studio Solution File, Format Version 12.00
# Visual Studio 15
VisualStudioVersion = 15.0.27428.1
MinimumVisualStudioVersion = 10.0.40219.1
Project("{FAE04EC0-301F-11D3-BF4B-00C04F79EFBC}") = "GenericCrud", "GenericCrud\GenericCrud.csproj", "{B9A9E027-FAFF-4292-ADF3-1FF381454B29}"
EndProject
Global
	GlobalSection(SolutionConfigurationPlatforms) = preSolution
		Debug|Any CPU = Debug|Any CPU
		Release|Any CPU = Release|Any CPU
	EndGlobalSection
	GlobalSection(ProjectConfigurationPlatforms) = postSolution
		{B9A9E027-FAFF-4292-ADF3-1FF381454B29}.Debug|Any CPU.ActiveCfg = Debug|Any CPU
		{B9A9E027-FAFF-4292-ADF3-1FF381454B29}.Debug|Any CPU.Build.0 = Debug|Any CPU
		{B9A9E027-FAFF-4292-ADF3-1FF381454B29}.Release|Any CPU.ActiveCfg = Release|Any CPU
		{B9A9E027-FAFF-4292-ADF3-1FF381454B29}.Release|Any CPU.Build.0 = Release|Any CPU
	EndGlobalSection
	GlobalSection(SolutionProperties) = preSolution
		HideSolutionNode = FALSE
	EndGlobalSection
	GlobalSection(ExtensibilityGlobals) = postSolution
		SolutionGuid = {154C1B83-50C3-4052-A229-DE87D44D6B8E}
	EndGlobalSection
EndGlobal
